
Microsoft Visual Studio Solution File, Format Version 12.00
# Visual Studio 14
VisualStudioVersion = 14.0.25420.1
MinimumVisualStudioVersion = 10.0.40219.1
Project("{2150E333-8FDC-42A3-9474-1A3956D46DE8}") = "src", "src", "{AFAA0841-BD93-466F-B8F4-FB4EEC86F1FC}"
EndProject
Project("{2150E333-8FDC-42A3-9474-1A3956D46DE8}") = "Solution Items", "Solution Items", "{8326CDCE-1AB4-4188-96E1-640A068AE3AE}"
	ProjectSection(SolutionItems) = preProject
		global.json = global.json
	EndProjectSection
EndProject
Project("{8BB2217D-0F2D-49D1-97BC-3654ED321F3B}") = "Cloud.Core", "src\Cloud.Core\Cloud.Core.xproj", "{0FA75A5B-AB83-4FD0-B545-279774C01E87}"
EndProject
Project("{8BB2217D-0F2D-49D1-97BC-3654ED321F3B}") = "Cloud.Application", "src\Cloud.Application\Cloud.Application.xproj", "{3870C648-4AEA-4B85-BA3F-F2F63B96136A}"
EndProject
Project("{2150E333-8FDC-42A3-9474-1A3956D46DE8}") = "test", "test", "{F10AA149-2626-486E-85BB-9CD5365F3016}"
EndProject
Project("{8BB2217D-0F2D-49D1-97BC-3654ED321F3B}") = "Cloud.Tests", "test\Cloud.Tests\Cloud.Tests.xproj", "{0D4C5D00-C144-4213-A007-4B8944113AB1}"
EndProject
Project("{8BB2217D-0F2D-49D1-97BC-3654ED321F3B}") = "Cloud.Web.Tests", "test\Cloud.Web.Tests\Cloud.Web.Tests.xproj", "{5D441612-29CA-4DAD-9945-B9DE11CE026C}"
EndProject
Project("{8BB2217D-0F2D-49D1-97BC-3654ED321F3B}") = "Cloud.Dapper", "src\Cloud.Dapper\Cloud.Dapper.xproj", "{8799B9AB-36A8-4B7F-8BB2-682A907BB7AF}"
EndProject
Project("{8BB2217D-0F2D-49D1-97BC-3654ED321F3B}") = "Cloud.Redis", "src\Cloud.Redis\Cloud.Redis.xproj", "{0DBB1D0A-AED9-4A29-A6DD-26F9454BBD3C}"
EndProject
Project("{8BB2217D-0F2D-49D1-97BC-3654ED321F3B}") = "Cloud.Mongo", "src\Cloud.Mongo\Cloud.Mongo.xproj", "{5B89012B-C626-4BDF-B6F6-D5459CA80AD1}"
EndProject
Project("{8BB2217D-0F2D-49D1-97BC-3654ED321F3B}") = "Cloud.Strategy", "src\Cloud.Strategy\Cloud.Strategy.xproj", "{089EFD78-27F2-4A37-9D25-360ACB2F3270}"
EndProject
Project("{8BB2217D-0F2D-49D1-97BC-3654ED321F3B}") = "Cloud.Web", "src\Cloud.Web\Cloud.Web.xproj", "{A2213374-BB48-48FD-BBD4-81E6A961D866}"
EndProject
Global
	GlobalSection(SolutionConfigurationPlatforms) = preSolution
		Debug|Any CPU = Debug|Any CPU
		Release|Any CPU = Release|Any CPU
	EndGlobalSection
	GlobalSection(ProjectConfigurationPlatforms) = postSolution
		{0FA75A5B-AB83-4FD0-B545-279774C01E87}.Debug|Any CPU.ActiveCfg = Debug|Any CPU
		{0FA75A5B-AB83-4FD0-B545-279774C01E87}.Debug|Any CPU.Build.0 = Debug|Any CPU
		{0FA75A5B-AB83-4FD0-B545-279774C01E87}.Release|Any CPU.ActiveCfg = Release|Any CPU
		{0FA75A5B-AB83-4FD0-B545-279774C01E87}.Release|Any CPU.Build.0 = Release|Any CPU
		{3870C648-4AEA-4B85-BA3F-F2F63B96136A}.Debug|Any CPU.ActiveCfg = Debug|Any CPU
		{3870C648-4AEA-4B85-BA3F-F2F63B96136A}.Debug|Any CPU.Build.0 = Debug|Any CPU
		{3870C648-4AEA-4B85-BA3F-F2F63B96136A}.Release|Any CPU.ActiveCfg = Release|Any CPU
		{3870C648-4AEA-4B85-BA3F-F2F63B96136A}.Release|Any CPU.Build.0 = Release|Any CPU
		{0D4C5D00-C144-4213-A007-4B8944113AB1}.Debug|Any CPU.ActiveCfg = Debug|Any CPU
		{0D4C5D00-C144-4213-A007-4B8944113AB1}.Debug|Any CPU.Build.0 = Debug|Any CPU
		{0D4C5D00-C144-4213-A007-4B8944113AB1}.Release|Any CPU.ActiveCfg = Release|Any CPU
		{0D4C5D00-C144-4213-A007-4B8944113AB1}.Release|Any CPU.Build.0 = Release|Any CPU
		{5D441612-29CA-4DAD-9945-B9DE11CE026C}.Debug|Any CPU.ActiveCfg = Debug|Any CPU
		{5D441612-29CA-4DAD-9945-B9DE11CE026C}.Debug|Any CPU.Build.0 = Debug|Any CPU
		{5D441612-29CA-4DAD-9945-B9DE11CE026C}.Release|Any CPU.ActiveCfg = Release|Any CPU
		{5D441612-29CA-4DAD-9945-B9DE11CE026C}.Release|Any CPU.Build.0 = Release|Any CPU
		{8799B9AB-36A8-4B7F-8BB2-682A907BB7AF}.Debug|Any CPU.ActiveCfg = Debug|Any CPU
		{8799B9AB-36A8-4B7F-8BB2-682A907BB7AF}.Debug|Any CPU.Build.0 = Debug|Any CPU
		{8799B9AB-36A8-4B7F-8BB2-682A907BB7AF}.Release|Any CPU.ActiveCfg = Release|Any CPU
		{8799B9AB-36A8-4B7F-8BB2-682A907BB7AF}.Release|Any CPU.Build.0 = Release|Any CPU
		{0DBB1D0A-AED9-4A29-A6DD-26F9454BBD3C}.Debug|Any CPU.ActiveCfg = Debug|Any CPU
		{0DBB1D0A-AED9-4A29-A6DD-26F9454BBD3C}.Debug|Any CPU.Build.0 = Debug|Any CPU
		{0DBB1D0A-AED9-4A29-A6DD-26F9454BBD3C}.Release|Any CPU.ActiveCfg = Release|Any CPU
		{0DBB1D0A-AED9-4A29-A6DD-26F9454BBD3C}.Release|Any CPU.Build.0 = Release|Any CPU
		{5B89012B-C626-4BDF-B6F6-D5459CA80AD1}.Debug|Any CPU.ActiveCfg = Debug|Any CPU
		{5B89012B-C626-4BDF-B6F6-D5459CA80AD1}.Debug|Any CPU.Build.0 = Debug|Any CPU
		{5B89012B-C626-4BDF-B6F6-D5459CA80AD1}.Release|Any CPU.ActiveCfg = Release|Any CPU
		{5B89012B-C626-4BDF-B6F6-D5459CA80AD1}.Release|Any CPU.Build.0 = Release|Any CPU
		{089EFD78-27F2-4A37-9D25-360ACB2F3270}.Debug|Any CPU.ActiveCfg = Debug|Any CPU
		{089EFD78-27F2-4A37-9D25-360ACB2F3270}.Debug|Any CPU.Build.0 = Debug|Any CPU
		{089EFD78-27F2-4A37-9D25-360ACB2F3270}.Release|Any CPU.ActiveCfg = Release|Any CPU
		{089EFD78-27F2-4A37-9D25-360ACB2F3270}.Release|Any CPU.Build.0 = Release|Any CPU
		{A2213374-BB48-48FD-BBD4-81E6A961D866}.Debug|Any CPU.ActiveCfg = Debug|Any CPU
		{A2213374-BB48-48FD-BBD4-81E6A961D866}.Debug|Any CPU.Build.0 = Debug|Any CPU
		{A2213374-BB48-48FD-BBD4-81E6A961D866}.Release|Any CPU.ActiveCfg = Release|Any CPU
		{A2213374-BB48-48FD-BBD4-81E6A961D866}.Release|Any CPU.Build.0 = Release|Any CPU
	EndGlobalSection
	GlobalSection(SolutionProperties) = preSolution
		HideSolutionNode = FALSE
	EndGlobalSection
	GlobalSection(NestedProjects) = preSolution
		{0FA75A5B-AB83-4FD0-B545-279774C01E87} = {AFAA0841-BD93-466F-B8F4-FB4EEC86F1FC}
		{3870C648-4AEA-4B85-BA3F-F2F63B96136A} = {AFAA0841-BD93-466F-B8F4-FB4EEC86F1FC}
		{0D4C5D00-C144-4213-A007-4B8944113AB1} = {F10AA149-2626-486E-85BB-9CD5365F3016}
		{5D441612-29CA-4DAD-9945-B9DE11CE026C} = {F10AA149-2626-486E-85BB-9CD5365F3016}
		{8799B9AB-36A8-4B7F-8BB2-682A907BB7AF} = {AFAA0841-BD93-466F-B8F4-FB4EEC86F1FC}
		{0DBB1D0A-AED9-4A29-A6DD-26F9454BBD3C} = {AFAA0841-BD93-466F-B8F4-FB4EEC86F1FC}
		{5B89012B-C626-4BDF-B6F6-D5459CA80AD1} = {AFAA0841-BD93-466F-B8F4-FB4EEC86F1FC}
		{089EFD78-27F2-4A37-9D25-360ACB2F3270} = {AFAA0841-BD93-466F-B8F4-FB4EEC86F1FC}
		{A2213374-BB48-48FD-BBD4-81E6A961D866} = {AFAA0841-BD93-466F-B8F4-FB4EEC86F1FC}
	EndGlobalSection
EndGlobal
